
Microsoft Visual Studio Solution File, Format Version 12.00
# Visual Studio 15
VisualStudioVersion = 15.0.28307.421
MinimumVisualStudioVersion = 10.0.40219.1
Project("{FAE04EC0-301F-11D3-BF4B-00C04F79EFBC}") = "palavrando-otter", "palavrando-otter\palavrando-otter.csproj", "{75AD29A7-AB15-445D-A3F1-0922D9E9B9A0}"
EndProject
Global
	GlobalSection(SolutionConfigurationPlatforms) = preSolution
		Debug|Any CPU = Debug|Any CPU
		Release|Any CPU = Release|Any CPU
	EndGlobalSection
	GlobalSection(ProjectConfigurationPlatforms) = postSolution
		{75AD29A7-AB15-445D-A3F1-0922D9E9B9A0}.Debug|Any CPU.ActiveCfg = Debug|Any CPU
		{75AD29A7-AB15-445D-A3F1-0922D9E9B9A0}.Debug|Any CPU.Build.0 = Debug|Any CPU
		{75AD29A7-AB15-445D-A3F1-0922D9E9B9A0}.Release|Any CPU.ActiveCfg = Release|Any CPU
		{75AD29A7-AB15-445D-A3F1-0922D9E9B9A0}.Release|Any CPU.Build.0 = Release|Any CPU
	EndGlobalSection
	GlobalSection(SolutionProperties) = preSolution
		HideSolutionNode = FALSE
	EndGlobalSection
	GlobalSection(ExtensibilityGlobals) = postSolution
		SolutionGuid = {BC822D65-3746-44A8-944B-B7E88B9BD510}
	EndGlobalSection
EndGlobal
